// !$*UTF8*$!
{
	archiveVersion = 1;
	classes = {
	};
	objectVersion = 56;
	objects = {

/* Begin PBXBuildFile section */
		57780CC82B70B116005CAD35 /* AppDelegate.swift in Sources */ = {isa = PBXBuildFile; fileRef = 57780CC72B70B116005CAD35 /* AppDelegate.swift */; };
		57780CCA2B70B116005CAD35 /* SceneDelegate.swift in Sources */ = {isa = PBXBuildFile; fileRef = 57780CC92B70B116005CAD35 /* SceneDelegate.swift */; };
		57780CCC2B70B116005CAD35 /* ViewController.swift in Sources */ = {isa = PBXBuildFile; fileRef = 57780CCB2B70B116005CAD35 /* ViewController.swift */; };
		57780CCF2B70B116005CAD35 /* Main.storyboard in Resources */ = {isa = PBXBuildFile; fileRef = 57780CCD2B70B116005CAD35 /* Main.storyboard */; };
		57780CD12B70B117005CAD35 /* Assets.xcassets in Resources */ = {isa = PBXBuildFile; fileRef = 57780CD02B70B117005CAD35 /* Assets.xcassets */; };
		57780CD42B70B117005CAD35 /* LaunchScreen.storyboard in Resources */ = {isa = PBXBuildFile; fileRef = 57780CD22B70B117005CAD35 /* LaunchScreen.storyboard */; };
		57780CDD2B70B3CF005CAD35 /* DetailViewController.swift in Sources */ = {isa = PBXBuildFile; fileRef = 57780CDB2B70B3CF005CAD35 /* DetailViewController.swift */; };
		57780CDE2B70B3CF005CAD35 /* DetailViewController.xib in Resources */ = {isa = PBXBuildFile; fileRef = 57780CDC2B70B3CF005CAD35 /* DetailViewController.xib */; };
		57780CE02B70BD43005CAD35 /* SegueDetailViewController.swift in Sources */ = {isa = PBXBuildFile; fileRef = 57780CDF2B70BD43005CAD35 /* SegueDetailViewController.swift */; };
		57780CE32B70D1BB005CAD35 /* InstanceDetailViewController.swift in Sources */ = {isa = PBXBuildFile; fileRef = 57780CE12B70D1BB005CAD35 /* InstanceDetailViewController.swift */; };
		57780CE42B70D1BB005CAD35 /* InstanceDetailViewController.xib in Resources */ = {isa = PBXBuildFile; fileRef = 57780CE22B70D1BB005CAD35 /* InstanceDetailViewController.xib */; };
		57780CE72B70D5DE005CAD35 /* DelegateDetailViewController.swift in Sources */ = {isa = PBXBuildFile; fileRef = 57780CE52B70D5DE005CAD35 /* DelegateDetailViewController.swift */; };
		57780CE82B70D5DE005CAD35 /* DelegateDetailViewController.xib in Resources */ = {isa = PBXBuildFile; fileRef = 57780CE62B70D5DE005CAD35 /* DelegateDetailViewController.xib */; };
		57E752442B75DD4D0028013C /* ClosureDetailViewController.swift in Sources */ = {isa = PBXBuildFile; fileRef = 57E752422B75DD4D0028013C /* ClosureDetailViewController.swift */; };
		57E752452B75DD4D0028013C /* ClosureDetailViewController.xib in Resources */ = {isa = PBXBuildFile; fileRef = 57E752432B75DD4D0028013C /* ClosureDetailViewController.xib */; };
		57E752482B7645A10028013C /* ThreadDetailViewController.swift in Sources */ = {isa = PBXBuildFile; fileRef = 57E752462B7645A10028013C /* ThreadDetailViewController.swift */; };
		57E752492B7645A10028013C /* ThreadDetailViewController.xib in Resources */ = {isa = PBXBuildFile; fileRef = 57E752472B7645A10028013C /* ThreadDetailViewController.xib */; };
/* End PBXBuildFile section */

/* Begin PBXFileReference section */
		57780CC42B70B116005CAD35 /* iOS-lecture-study.app */ = {isa = PBXFileReference; explicitFileType = wrapper.application; includeInIndex = 0; path = "iOS-lecture-study.app"; sourceTree = BUILT_PRODUCTS_DIR; };
		57780CC72B70B116005CAD35 /* AppDelegate.swift */ = {isa = PBXFileReference; lastKnownFileType = sourcecode.swift; path = AppDelegate.swift; sourceTree = "<group>"; };
		57780CC92B70B116005CAD35 /* SceneDelegate.swift */ = {isa = PBXFileReference; lastKnownFileType = sourcecode.swift; path = SceneDelegate.swift; sourceTree = "<group>"; };
		57780CCB2B70B116005CAD35 /* ViewController.swift */ = {isa = PBXFileReference; lastKnownFileType = sourcecode.swift; path = ViewController.swift; sourceTree = "<group>"; };
		57780CCE2B70B116005CAD35 /* Base */ = {isa = PBXFileReference; lastKnownFileType = file.storyboard; name = Base; path = Base.lproj/Main.storyboard; sourceTree = "<group>"; };
		57780CD02B70B117005CAD35 /* Assets.xcassets */ = {isa = PBXFileReference; lastKnownFileType = folder.assetcatalog; path = Assets.xcassets; sourceTree = "<group>"; };
		57780CD32B70B117005CAD35 /* Base */ = {isa = PBXFileReference; lastKnownFileType = file.storyboard; name = Base; path = Base.lproj/LaunchScreen.storyboard; sourceTree = "<group>"; };
		57780CD52B70B117005CAD35 /* Info.plist */ = {isa = PBXFileReference; lastKnownFileType = text.plist.xml; path = Info.plist; sourceTree = "<group>"; };
		57780CDB2B70B3CF005CAD35 /* DetailViewController.swift */ = {isa = PBXFileReference; lastKnownFileType = sourcecode.swift; path = DetailViewController.swift; sourceTree = "<group>"; };
		57780CDC2B70B3CF005CAD35 /* DetailViewController.xib */ = {isa = PBXFileReference; lastKnownFileType = file.xib; path = DetailViewController.xib; sourceTree = "<group>"; };
		57780CDF2B70BD43005CAD35 /* SegueDetailViewController.swift */ = {isa = PBXFileReference; lastKnownFileType = sourcecode.swift; path = SegueDetailViewController.swift; sourceTree = "<group>"; };
		57780CE12B70D1BB005CAD35 /* InstanceDetailViewController.swift */ = {isa = PBXFileReference; lastKnownFileType = sourcecode.swift; path = InstanceDetailViewController.swift; sourceTree = "<group>"; };
		57780CE22B70D1BB005CAD35 /* InstanceDetailViewController.xib */ = {isa = PBXFileReference; lastKnownFileType = file.xib; path = InstanceDetailViewController.xib; sourceTree = "<group>"; };
		57780CE52B70D5DE005CAD35 /* DelegateDetailViewController.swift */ = {isa = PBXFileReference; lastKnownFileType = sourcecode.swift; path = DelegateDetailViewController.swift; sourceTree = "<group>"; };
		57780CE62B70D5DE005CAD35 /* DelegateDetailViewController.xib */ = {isa = PBXFileReference; lastKnownFileType = file.xib; path = DelegateDetailViewController.xib; sourceTree = "<group>"; };
		57E752422B75DD4D0028013C /* ClosureDetailViewController.swift */ = {isa = PBXFileReference; lastKnownFileType = sourcecode.swift; path = ClosureDetailViewController.swift; sourceTree = "<group>"; };
		57E752432B75DD4D0028013C /* ClosureDetailViewController.xib */ = {isa = PBXFileReference; lastKnownFileType = file.xib; path = ClosureDetailViewController.xib; sourceTree = "<group>"; };
		57E752462B7645A10028013C /* ThreadDetailViewController.swift */ = {isa = PBXFileReference; lastKnownFileType = sourcecode.swift; path = ThreadDetailViewController.swift; sourceTree = "<group>"; };
		57E752472B7645A10028013C /* ThreadDetailViewController.xib */ = {isa = PBXFileReference; lastKnownFileType = file.xib; path = ThreadDetailViewController.xib; sourceTree = "<group>"; };
/* End PBXFileReference section */

/* Begin PBXFrameworksBuildPhase section */
		57780CC12B70B116005CAD35 /* Frameworks */ = {
			isa = PBXFrameworksBuildPhase;
			buildActionMask = 2147483647;
			files = (
			);
			runOnlyForDeploymentPostprocessing = 0;
		};
/* End PBXFrameworksBuildPhase section */

/* Begin PBXGroup section */
		57780CBB2B70B116005CAD35 = {
			isa = PBXGroup;
			children = (
				57780CC62B70B116005CAD35 /* iOS-lecture-study */,
				57780CC52B70B116005CAD35 /* Products */,
			);
			sourceTree = "<group>";
		};
		57780CC52B70B116005CAD35 /* Products */ = {
			isa = PBXGroup;
			children = (
				57780CC42B70B116005CAD35 /* iOS-lecture-study.app */,
			);
			name = Products;
			sourceTree = "<group>";
		};
		57780CC62B70B116005CAD35 /* iOS-lecture-study */ = {
			isa = PBXGroup;
			children = (
				57780CC72B70B116005CAD35 /* AppDelegate.swift */,
				57780CC92B70B116005CAD35 /* SceneDelegate.swift */,
				57780CCB2B70B116005CAD35 /* ViewController.swift */,
				57780CCD2B70B116005CAD35 /* Main.storyboard */,
				57780CD02B70B117005CAD35 /* Assets.xcassets */,
				57780CD22B70B117005CAD35 /* LaunchScreen.storyboard */,
				57780CD52B70B117005CAD35 /* Info.plist */,
				57780CDB2B70B3CF005CAD35 /* DetailViewController.swift */,
				57780CDC2B70B3CF005CAD35 /* DetailViewController.xib */,
				57780CDF2B70BD43005CAD35 /* SegueDetailViewController.swift */,
				57780CE12B70D1BB005CAD35 /* InstanceDetailViewController.swift */,
				57780CE22B70D1BB005CAD35 /* InstanceDetailViewController.xib */,
				57780CE52B70D5DE005CAD35 /* DelegateDetailViewController.swift */,
				57780CE62B70D5DE005CAD35 /* DelegateDetailViewController.xib */,
				57E752422B75DD4D0028013C /* ClosureDetailViewController.swift */,
				57E752432B75DD4D0028013C /* ClosureDetailViewController.xib */,
				57E752462B7645A10028013C /* ThreadDetailViewController.swift */,
				57E752472B7645A10028013C /* ThreadDetailViewController.xib */,
			);
			path = "iOS-lecture-study";
			sourceTree = "<group>";
		};
/* End PBXGroup section */

/* Begin PBXNativeTarget section */
		57780CC32B70B116005CAD35 /* iOS-lecture-study */ = {
			isa = PBXNativeTarget;
			buildConfigurationList = 57780CD82B70B117005CAD35 /* Build configuration list for PBXNativeTarget "iOS-lecture-study" */;
			buildPhases = (
				57780CC02B70B116005CAD35 /* Sources */,
				57780CC12B70B116005CAD35 /* Frameworks */,
				57780CC22B70B116005CAD35 /* Resources */,
			);
			buildRules = (
			);
			dependencies = (
			);
			name = "iOS-lecture-study";
			productName = "iOS-lecture-study";
			productReference = 57780CC42B70B116005CAD35 /* iOS-lecture-study.app */;
			productType = "com.apple.product-type.application";
		};
/* End PBXNativeTarget section */

/* Begin PBXProject section */
		57780CBC2B70B116005CAD35 /* Project object */ = {
			isa = PBXProject;
			attributes = {
				BuildIndependentTargetsInParallel = 1;
				LastSwiftUpdateCheck = 1520;
				LastUpgradeCheck = 1520;
				TargetAttributes = {
					57780CC32B70B116005CAD35 = {
						CreatedOnToolsVersion = 15.2;
					};
				};
			};
			buildConfigurationList = 57780CBF2B70B116005CAD35 /* Build configuration list for PBXProject "iOS-lecture-study" */;
			compatibilityVersion = "Xcode 14.0";
			developmentRegion = en;
			hasScannedForEncodings = 0;
			knownRegions = (
				en,
				Base,
			);
			mainGroup = 57780CBB2B70B116005CAD35;
			productRefGroup = 57780CC52B70B116005CAD35 /* Products */;
			projectDirPath = "";
			projectRoot = "";
			targets = (
				57780CC32B70B116005CAD35 /* iOS-lecture-study */,
			);
		};
/* End PBXProject section */

/* Begin PBXResourcesBuildPhase section */
		57780CC22B70B116005CAD35 /* Resources */ = {
			isa = PBXResourcesBuildPhase;
			buildActionMask = 2147483647;
			files = (
				57E752452B75DD4D0028013C /* ClosureDetailViewController.xib in Resources */,
				57E752492B7645A10028013C /* ThreadDetailViewController.xib in Resources */,
				57780CE82B70D5DE005CAD35 /* DelegateDetailViewController.xib in Resources */,
				57780CD42B70B117005CAD35 /* LaunchScreen.storyboard in Resources */,
				57780CD12B70B117005CAD35 /* Assets.xcassets in Resources */,
				57780CCF2B70B116005CAD35 /* Main.storyboard in Resources */,
				57780CE42B70D1BB005CAD35 /* InstanceDetailViewController.xib in Resources */,
				57780CDE2B70B3CF005CAD35 /* DetailViewController.xib in Resources */,
			);
			runOnlyForDeploymentPostprocessing = 0;
		};
/* End PBXResourcesBuildPhase section */

/* Begin PBXSourcesBuildPhase section */
		57780CC02B70B116005CAD35 /* Sources */ = {
			isa = PBXSourcesBuildPhase;
			buildActionMask = 2147483647;
			files = (
				57780CCC2B70B116005CAD35 /* ViewController.swift in Sources */,
				57E752442B75DD4D0028013C /* ClosureDetailViewController.swift in Sources */,
				57E752482B7645A10028013C /* ThreadDetailViewController.swift in Sources */,
				57780CE72B70D5DE005CAD35 /* DelegateDetailViewController.swift in Sources */,
				57780CC82B70B116005CAD35 /* AppDelegate.swift in Sources */,
				57780CE02B70BD43005CAD35 /* SegueDetailViewController.swift in Sources */,
				57780CCA2B70B116005CAD35 /* SceneDelegate.swift in Sources */,
				57780CE32B70D1BB005CAD35 /* InstanceDetailViewController.swift in Sources */,
				57780CDD2B70B3CF005CAD35 /* DetailViewController.swift in Sources */,
			);
			runOnlyForDeploymentPostprocessing = 0;
		};
/* End PBXSourcesBuildPhase section */

/* Begin PBXVariantGroup section */
		57780CCD2B70B116005CAD35 /* Main.storyboard */ = {
			isa = PBXVariantGroup;
			children = (
				57780CCE2B70B116005CAD35 /* Base */,
			);
			name = Main.storyboard;
			sourceTree = "<group>";
		};
		57780CD22B70B117005CAD35 /* LaunchScreen.storyboard */ = {
			isa = PBXVariantGroup;
			children = (
				57780CD32B70B117005CAD35 /* Base */,
			);
			name = LaunchScreen.storyboard;
			sourceTree = "<group>";
		};
/* End PBXVariantGroup section */

/* Begin XCBuildConfiguration section */
		57780CD62B70B117005CAD35 /* Debug */ = {
			isa = XCBuildConfiguration;
			buildSettings = {
				ALWAYS_SEARCH_USER_PATHS = NO;
				ASSETCATALOG_COMPILER_GENERATE_SWIFT_ASSET_SYMBOL_EXTENSIONS = YES;
				CLANG_ANALYZER_NONNULL = YES;
				CLANG_ANALYZER_NUMBER_OBJECT_CONVERSION = YES_AGGRESSIVE;
				CLANG_CXX_LANGUAGE_STANDARD = "gnu++20";
				CLANG_ENABLE_MODULES = YES;
				CLANG_ENABLE_OBJC_ARC = YES;
				CLANG_ENABLE_OBJC_WEAK = YES;
				CLANG_WARN_BLOCK_CAPTURE_AUTORELEASING = YES;
				CLANG_WARN_BOOL_CONVERSION = YES;
				CLANG_WARN_COMMA = YES;
				CLANG_WARN_CONSTANT_CONVERSION = YES;
				CLANG_WARN_DEPRECATED_OBJC_IMPLEMENTATIONS = YES;
				CLANG_WARN_DIRECT_OBJC_ISA_USAGE = YES_ERROR;
				CLANG_WARN_DOCUMENTATION_COMMENTS = YES;
				CLANG_WARN_EMPTY_BODY = YES;
				CLANG_WARN_ENUM_CONVERSION = YES;
				CLANG_WARN_INFINITE_RECURSION = YES;
				CLANG_WARN_INT_CONVERSION = YES;
				CLANG_WARN_NON_LITERAL_NULL_CONVERSION = YES;
				CLANG_WARN_OBJC_IMPLICIT_RETAIN_SELF = YES;
				CLANG_WARN_OBJC_LITERAL_CONVERSION = YES;
				CLANG_WARN_OBJC_ROOT_CLASS = YES_ERROR;
				CLANG_WARN_QUOTED_INCLUDE_IN_FRAMEWORK_HEADER = YES;
				CLANG_WARN_RANGE_LOOP_ANALYSIS = YES;
				CLANG_WARN_STRICT_PROTOTYPES = YES;
				CLANG_WARN_SUSPICIOUS_MOVE = YES;
				CLANG_WARN_UNGUARDED_AVAILABILITY = YES_AGGRESSIVE;
				CLANG_WARN_UNREACHABLE_CODE = YES;
				CLANG_WARN__DUPLICATE_METHOD_MATCH = YES;
				COPY_PHASE_STRIP = NO;
				DEBUG_INFORMATION_FORMAT = dwarf;
				ENABLE_STRICT_OBJC_MSGSEND = YES;
				ENABLE_TESTABILITY = YES;
				ENABLE_USER_SCRIPT_SANDBOXING = YES;
				GCC_C_LANGUAGE_STANDARD = gnu17;
				GCC_DYNAMIC_NO_PIC = NO;
				GCC_NO_COMMON_BLOCKS = YES;
				GCC_OPTIMIZATION_LEVEL = 0;
				GCC_PREPROCESSOR_DEFINITIONS = (
					"DEBUG=1",
					"$(inherited)",
				);
				GCC_WARN_64_TO_32_BIT_CONVERSION = YES;
				GCC_WARN_ABOUT_RETURN_TYPE = YES_ERROR;
				GCC_WARN_UNDECLARED_SELECTOR = YES;
				GCC_WARN_UNINITIALIZED_AUTOS = YES_AGGRESSIVE;
				GCC_WARN_UNUSED_FUNCTION = YES;
				GCC_WARN_UNUSED_VARIABLE = YES;
				IPHONEOS_DEPLOYMENT_TARGET = 17.2;
				LOCALIZATION_PREFERS_STRING_CATALOGS = YES;
				MTL_ENABLE_DEBUG_INFO = INCLUDE_SOURCE;
				MTL_FAST_MATH = YES;
				ONLY_ACTIVE_ARCH = YES;
				SDKROOT = iphoneos;
				SWIFT_ACTIVE_COMPILATION_CONDITIONS = "DEBUG $(inherited)";
				SWIFT_OPTIMIZATION_LEVEL = "-Onone";
			};
			name = Debug;
		};
		57780CD72B70B117005CAD35 /* Release */ = {
			isa = XCBuildConfiguration;
			buildSettings = {
				ALWAYS_SEARCH_USER_PATHS = NO;
				ASSETCATALOG_COMPILER_GENERATE_SWIFT_ASSET_SYMBOL_EXTENSIONS = YES;
				CLANG_ANALYZER_NONNULL = YES;
				CLANG_ANALYZER_NUMBER_OBJECT_CONVERSION = YES_AGGRESSIVE;
				CLANG_CXX_LANGUAGE_STANDARD = "gnu++20";
				CLANG_ENABLE_MODULES = YES;
				CLANG_ENABLE_OBJC_ARC = YES;
				CLANG_ENABLE_OBJC_WEAK = YES;
				CLANG_WARN_BLOCK_CAPTURE_AUTORELEASING = YES;
				CLANG_WARN_BOOL_CONVERSION = YES;
				CLANG_WARN_COMMA = YES;
				CLANG_WARN_CONSTANT_CONVERSION = YES;
				CLANG_WARN_DEPRECATED_OBJC_IMPLEMENTATIONS = YES;
				CLANG_WARN_DIRECT_OBJC_ISA_USAGE = YES_ERROR;
				CLANG_WARN_DOCUMENTATION_COMMENTS = YES;
				CLANG_WARN_EMPTY_BODY = YES;
				CLANG_WARN_ENUM_CONVERSION = YES;
				CLANG_WARN_INFINITE_RECURSION = YES;
				CLANG_WARN_INT_CONVERSION = YES;
				CLANG_WARN_NON_LITERAL_NULL_CONVERSION = YES;
				CLANG_WARN_OBJC_IMPLICIT_RETAIN_SELF = YES;
				CLANG_WARN_OBJC_LITERAL_CONVERSION = YES;
				CLANG_WARN_OBJC_ROOT_CLASS = YES_ERROR;
				CLANG_WARN_QUOTED_INCLUDE_IN_FRAMEWORK_HEADER = YES;
				CLANG_WARN_RANGE_LOOP_ANALYSIS = YES;
				CLANG_WARN_STRICT_PROTOTYPES = YES;
				CLANG_WARN_SUSPICIOUS_MOVE = YES;
				CLANG_WARN_UNGUARDED_AVAILABILITY = YES_AGGRESSIVE;
				CLANG_WARN_UNREACHABLE_CODE = YES;
				CLANG_WARN__DUPLICATE_METHOD_MATCH = YES;
				COPY_PHASE_STRIP = NO;
				DEBUG_INFORMATION_FORMAT = "dwarf-with-dsym";
				ENABLE_NS_ASSERTIONS = NO;
				ENABLE_STRICT_OBJC_MSGSEND = YES;
				ENABLE_USER_SCRIPT_SANDBOXING = YES;
				GCC_C_LANGUAGE_STANDARD = gnu17;
				GCC_NO_COMMON_BLOCKS = YES;
				GCC_WARN_64_TO_32_BIT_CONVERSION = YES;
				GCC_WARN_ABOUT_RETURN_TYPE = YES_ERROR;
				GCC_WARN_UNDECLARED_SELECTOR = YES;
				GCC_WARN_UNINITIALIZED_AUTOS = YES_AGGRESSIVE;
				GCC_WARN_UNUSED_FUNCTION = YES;
				GCC_WARN_UNUSED_VARIABLE = YES;
				IPHONEOS_DEPLOYMENT_TARGET = 17.2;
				LOCALIZATION_PREFERS_STRING_CATALOGS = YES;
				MTL_ENABLE_DEBUG_INFO = NO;
				MTL_FAST_MATH = YES;
				SDKROOT = iphoneos;
				SWIFT_COMPILATION_MODE = wholemodule;
				VALIDATE_PRODUCT = YES;
			};
			name = Release;
		};
		57780CD92B70B117005CAD35 /* Debug */ = {
			isa = XCBuildConfiguration;
			buildSettings = {
				ASSETCATALOG_COMPILER_APPICON_NAME = AppIcon;
				ASSETCATALOG_COMPILER_GLOBAL_ACCENT_COLOR_NAME = AccentColor;
				CODE_SIGN_STYLE = Automatic;
				CURRENT_PROJECT_VERSION = 1;
				DEVELOPMENT_TEAM = CX8QXFQAMZ;
				GENERATE_INFOPLIST_FILE = YES;
				INFOPLIST_FILE = "iOS-lecture-study/Info.plist";
				INFOPLIST_KEY_UIApplicationSupportsIndirectInputEvents = YES;
				INFOPLIST_KEY_UILaunchStoryboardName = LaunchScreen;
				INFOPLIST_KEY_UIMainStoryboardFile = Main;
				INFOPLIST_KEY_UISupportedInterfaceOrientations_iPad = "UIInterfaceOrientationPortrait UIInterfaceOrientationPortraitUpsideDown UIInterfaceOrientationLandscapeLeft UIInterfaceOrientationLandscapeRight";
				INFOPLIST_KEY_UISupportedInterfaceOrientations_iPhone = "UIInterfaceOrientationPortrait UIInterfaceOrientationLandscapeLeft UIInterfaceOrientationLandscapeRight";
				IPHONEOS_DEPLOYMENT_TARGET = 15.2;
				LD_RUNPATH_SEARCH_PATHS = (
					"$(inherited)",
					"@executable_path/Frameworks",
				);
				MARKETING_VERSION = 1.0;
				PRODUCT_BUNDLE_IDENTIFIER = "com.Jseong.iOS-lecture-study";
				PRODUCT_NAME = "$(TARGET_NAME)";
				SWIFT_EMIT_LOC_STRINGS = YES;
				SWIFT_VERSION = 5.0;
				TARGETED_DEVICE_FAMILY = "1,2";
			};
			name = Debug;
		};
		57780CDA2B70B117005CAD35 /* Release */ = {
			isa = XCBuildConfiguration;
			buildSettings = {
				ASSETCATALOG_COMPILER_APPICON_NAME = AppIcon;
				ASSETCATALOG_COMPILER_GLOBAL_ACCENT_COLOR_NAME = AccentColor;
				CODE_SIGN_STYLE = Automatic;
				CURRENT_PROJECT_VERSION = 1;
				DEVELOPMENT_TEAM = CX8QXFQAMZ;
				GENERATE_INFOPLIST_FILE = YES;
				INFOPLIST_FILE = "iOS-lecture-study/Info.plist";
				INFOPLIST_KEY_UIApplicationSupportsIndirectInputEvents = YES;
				INFOPLIST_KEY_UILaunchStoryboardName = LaunchScreen;
				INFOPLIST_KEY_UIMainStoryboardFile = Main;
				INFOPLIST_KEY_UISupportedInterfaceOrientations_iPad = "UIInterfaceOrientationPortrait UIInterfaceOrientationPortraitUpsideDown UIInterfaceOrientationLandscapeLeft UIInterfaceOrientationLandscapeRight";
				INFOPLIST_KEY_UISupportedInterfaceOrientations_iPhone = "UIInterfaceOrientationPortrait UIInterfaceOrientationLandscapeLeft UIInterfaceOrientationLandscapeRight";
				IPHONEOS_DEPLOYMENT_TARGET = 15.2;
				LD_RUNPATH_SEARCH_PATHS = (
					"$(inherited)",
					"@executable_path/Frameworks",
				);
				MARKETING_VERSION = 1.0;
				PRODUCT_BUNDLE_IDENTIFIER = "com.Jseong.iOS-lecture-study";
				PRODUCT_NAME = "$(TARGET_NAME)";
				SWIFT_EMIT_LOC_STRINGS = YES;
				SWIFT_VERSION = 5.0;
				TARGETED_DEVICE_FAMILY = "1,2";
			};
			name = Release;
		};
/* End XCBuildConfiguration section */

/* Begin XCConfigurationList section */
		57780CBF2B70B116005CAD35 /* Build configuration list for PBXProject "iOS-lecture-study" */ = {
			isa = XCConfigurationList;
			buildConfigurations = (
				57780CD62B70B117005CAD35 /* Debug */,
				57780CD72B70B117005CAD35 /* Release */,
			);
			defaultConfigurationIsVisible = 0;
			defaultConfigurationName = Release;
		};
		57780CD82B70B117005CAD35 /* Build configuration list for PBXNativeTarget "iOS-lecture-study" */ = {
			isa = XCConfigurationList;
			buildConfigurations = (
				57780CD92B70B117005CAD35 /* Debug */,
				57780CDA2B70B117005CAD35 /* Release */,
			);
			defaultConfigurationIsVisible = 0;
			defaultConfigurationName = Release;
		};
/* End XCConfigurationList section */
	};
	rootObject = 57780CBC2B70B116005CAD35 /* Project object */;
}
